// !$*UTF8*$!
{
	archiveVersion = 1;
	classes = {
	};
	objectVersion = 50;
	objects = {

/* Begin PBXBuildFile section */
		CFFEEB7726CB8AB500E7C344 /* AppDelegate.swift in Sources */ = {isa = PBXBuildFile; fileRef = CFFEEB7626CB8AB500E7C344 /* AppDelegate.swift */; };
		CFFEEB7926CB8AB500E7C344 /* SceneDelegate.swift in Sources */ = {isa = PBXBuildFile; fileRef = CFFEEB7826CB8AB500E7C344 /* SceneDelegate.swift */; };
		CFFEEB7B26CB8AB500E7C344 /* ViewController.swift in Sources */ = {isa = PBXBuildFile; fileRef = CFFEEB7A26CB8AB500E7C344 /* ViewController.swift */; };
		CFFEEB7E26CB8AB600E7C344 /* Main.storyboard in Resources */ = {isa = PBXBuildFile; fileRef = CFFEEB7C26CB8AB500E7C344 /* Main.storyboard */; };
		CFFEEB8026CB8ABF00E7C344 /* Assets.xcassets in Resources */ = {isa = PBXBuildFile; fileRef = CFFEEB7F26CB8ABF00E7C344 /* Assets.xcassets */; };
		CFFEEB8326CB8ABF00E7C344 /* LaunchScreen.storyboard in Resources */ = {isa = PBXBuildFile; fileRef = CFFEEB8126CB8ABF00E7C344 /* LaunchScreen.storyboard */; };
/* End PBXBuildFile section */

/* Begin PBXFileReference section */
		CFFEEB7326CB8AB500E7C344 /* app123-ios.app */ = {isa = PBXFileReference; explicitFileType = wrapper.application; includeInIndex = 0; path = "app123-ios.app"; sourceTree = BUILT_PRODUCTS_DIR; };
		CFFEEB7626CB8AB500E7C344 /* AppDelegate.swift */ = {isa = PBXFileReference; lastKnownFileType = sourcecode.swift; path = AppDelegate.swift; sourceTree = "<group>"; };
		CFFEEB7826CB8AB500E7C344 /* SceneDelegate.swift */ = {isa = PBXFileReference; lastKnownFileType = sourcecode.swift; path = SceneDelegate.swift; sourceTree = "<group>"; };
		CFFEEB7A26CB8AB500E7C344 /* ViewController.swift */ = {isa = PBXFileReference; lastKnownFileType = sourcecode.swift; path = ViewController.swift; sourceTree = "<group>"; };
		CFFEEB7D26CB8AB500E7C344 /* Base */ = {isa = PBXFileReference; lastKnownFileType = file.storyboard; name = Base; path = Base.lproj/Main.storyboard; sourceTree = "<group>"; };
		CFFEEB7F26CB8ABF00E7C344 /* Assets.xcassets */ = {isa = PBXFileReference; lastKnownFileType = folder.assetcatalog; path = Assets.xcassets; sourceTree = "<group>"; };
		CFFEEB8226CB8ABF00E7C344 /* Base */ = {isa = PBXFileReference; lastKnownFileType = file.storyboard; name = Base; path = Base.lproj/LaunchScreen.storyboard; sourceTree = "<group>"; };
		CFFEEB8426CB8ABF00E7C344 /* Info.plist */ = {isa = PBXFileReference; lastKnownFileType = text.plist.xml; path = Info.plist; sourceTree = "<group>"; };
/* End PBXFileReference section */

/* Begin PBXFrameworksBuildPhase section */
		CFFEEB7026CB8AB500E7C344 /* Frameworks */ = {
			isa = PBXFrameworksBuildPhase;
			buildActionMask = 2147483647;
			files = (
			);
			runOnlyForDeploymentPostprocessing = 0;
		};
/* End PBXFrameworksBuildPhase section */

/* Begin PBXGroup section */
		CFFEEB6A26CB8AB500E7C344 = {
			isa = PBXGroup;
			children = (
				CFFEEB7526CB8AB500E7C344 /* app123-ios */,
				CFFEEB7426CB8AB500E7C344 /* Products */,
			);
			sourceTree = "<group>";
		};
		CFFEEB7426CB8AB500E7C344 /* Products */ = {
			isa = PBXGroup;
			children = (
				CFFEEB7326CB8AB500E7C344 /* app123-ios.app */,
			);
			name = Products;
			sourceTree = "<group>";
		};
		CFFEEB7526CB8AB500E7C344 /* app123-ios */ = {
			isa = PBXGroup;
			children = (
				CFFEEB7626CB8AB500E7C344 /* AppDelegate.swift */,
				CFFEEB7826CB8AB500E7C344 /* SceneDelegate.swift */,
				CFFEEB7A26CB8AB500E7C344 /* ViewController.swift */,
				CFFEEB7C26CB8AB500E7C344 /* Main.storyboard */,
				CFFEEB7F26CB8ABF00E7C344 /* Assets.xcassets */,
				CFFEEB8126CB8ABF00E7C344 /* LaunchScreen.storyboard */,
				CFFEEB8426CB8ABF00E7C344 /* Info.plist */,
			);
			path = "app123-ios";
			sourceTree = "<group>";
		};
/* End PBXGroup section */

/* Begin PBXNativeTarget section */
		CFFEEB7226CB8AB500E7C344 /* app123-ios */ = {
			isa = PBXNativeTarget;
			buildConfigurationList = CFFEEB8726CB8ABF00E7C344 /* Build configuration list for PBXNativeTarget "app123-ios" */;
			buildPhases = (
				CFFEEB6F26CB8AB500E7C344 /* Sources */,
				CFFEEB7026CB8AB500E7C344 /* Frameworks */,
				CFFEEB7126CB8AB500E7C344 /* Resources */,
			);
			buildRules = (
			);
			dependencies = (
			);
			name = "app123-ios";
			productName = "app123-ios";
			productReference = CFFEEB7326CB8AB500E7C344 /* app123-ios.app */;
			productType = "com.apple.product-type.application";
		};
/* End PBXNativeTarget section */

/* Begin PBXProject section */
		CFFEEB6B26CB8AB500E7C344 /* Project object */ = {
			isa = PBXProject;
			attributes = {
				LastSwiftUpdateCheck = 1250;
				LastUpgradeCheck = 1250;
				TargetAttributes = {
					CFFEEB7226CB8AB500E7C344 = {
						CreatedOnToolsVersion = 12.5.1;
					};
				};
			};
			buildConfigurationList = CFFEEB6E26CB8AB500E7C344 /* Build configuration list for PBXProject "app123-ios" */;
			compatibilityVersion = "Xcode 9.3";
			developmentRegion = en;
			hasScannedForEncodings = 0;
			knownRegions = (
				en,
				Base,
			);
			mainGroup = CFFEEB6A26CB8AB500E7C344;
			productRefGroup = CFFEEB7426CB8AB500E7C344 /* Products */;
			projectDirPath = "";
			projectRoot = "";
			targets = (
				CFFEEB7226CB8AB500E7C344 /* app123-ios */,
			);
		};
/* End PBXProject section */

/* Begin PBXResourcesBuildPhase section */
		CFFEEB7126CB8AB500E7C344 /* Resources */ = {
			isa = PBXResourcesBuildPhase;
			buildActionMask = 2147483647;
			files = (
				CFFEEB8326CB8ABF00E7C344 /* LaunchScreen.storyboard in Resources */,
				CFFEEB8026CB8ABF00E7C344 /* Assets.xcassets in Resources */,
				CFFEEB7E26CB8AB600E7C344 /* Main.storyboard in Resources */,
			);
			runOnlyForDeploymentPostprocessing = 0;
		};
/* End PBXResourcesBuildPhase section */

/* Begin PBXSourcesBuildPhase section */
		CFFEEB6F26CB8AB500E7C344 /* Sources */ = {
			isa = PBXSourcesBuildPhase;
			buildActionMask = 2147483647;
			files = (
				CFFEEB7B26CB8AB500E7C344 /* ViewController.swift in Sources */,
				CFFEEB7726CB8AB500E7C344 /* AppDelegate.swift in Sources */,
				CFFEEB7926CB8AB500E7C344 /* SceneDelegate.swift in Sources */,
			);
			runOnlyForDeploymentPostprocessing = 0;
		};
/* End PBXSourcesBuildPhase section */

/* Begin PBXVariantGroup section */
		CFFEEB7C26CB8AB500E7C344 /* Main.storyboard */ = {
			isa = PBXVariantGroup;
			children = (
				CFFEEB7D26CB8AB500E7C344 /* Base */,
			);
			name = Main.storyboard;
			sourceTree = "<group>";
		};
		CFFEEB8126CB8ABF00E7C344 /* LaunchScreen.storyboard */ = {
			isa = PBXVariantGroup;
			children = (
				CFFEEB8226CB8ABF00E7C344 /* Base */,
			);
			name = LaunchScreen.storyboard;
			sourceTree = "<group>";
		};
/* End PBXVariantGroup section */

/* Begin XCBuildConfiguration section */
		CFFEEB8526CB8ABF00E7C344 /* Debug */ = {
			isa = XCBuildConfiguration;
			buildSettings = {
				ALWAYS_SEARCH_USER_PATHS = NO;
				CLANG_ANALYZER_NONNULL = YES;
				CLANG_ANALYZER_NUMBER_OBJECT_CONVERSION = YES_AGGRESSIVE;
				CLANG_CXX_LANGUAGE_STANDARD = "gnu++14";
				CLANG_CXX_LIBRARY = "libc++";
				CLANG_ENABLE_MODULES = YES;
				CLANG_ENABLE_OBJC_ARC = YES;
				CLANG_ENABLE_OBJC_WEAK = YES;
				CLANG_WARN_BLOCK_CAPTURE_AUTORELEASING = YES;
				CLANG_WARN_BOOL_CONVERSION = YES;
				CLANG_WARN_COMMA = YES;
				CLANG_WARN_CONSTANT_CONVERSION = YES;
				CLANG_WARN_DEPRECATED_OBJC_IMPLEMENTATIONS = YES;
				CLANG_WARN_DIRECT_OBJC_ISA_USAGE = YES_ERROR;
				CLANG_WARN_DOCUMENTATION_COMMENTS = YES;
				CLANG_WARN_EMPTY_BODY = YES;
				CLANG_WARN_ENUM_CONVERSION = YES;
				CLANG_WARN_INFINITE_RECURSION = YES;
				CLANG_WARN_INT_CONVERSION = YES;
				CLANG_WARN_NON_LITERAL_NULL_CONVERSION = YES;
				CLANG_WARN_OBJC_IMPLICIT_RETAIN_SELF = YES;
				CLANG_WARN_OBJC_LITERAL_CONVERSION = YES;
				CLANG_WARN_OBJC_ROOT_CLASS = YES_ERROR;
				CLANG_WARN_QUOTED_INCLUDE_IN_FRAMEWORK_HEADER = YES;
				CLANG_WARN_RANGE_LOOP_ANALYSIS = YES;
				CLANG_WARN_STRICT_PROTOTYPES = YES;
				CLANG_WARN_SUSPICIOUS_MOVE = YES;
				CLANG_WARN_UNGUARDED_AVAILABILITY = YES_AGGRESSIVE;
				CLANG_WARN_UNREACHABLE_CODE = YES;
				CLANG_WARN__DUPLICATE_METHOD_MATCH = YES;
				COPY_PHASE_STRIP = NO;
				DEBUG_INFORMATION_FORMAT = dwarf;
				ENABLE_STRICT_OBJC_MSGSEND = YES;
				ENABLE_TESTABILITY = YES;
				GCC_C_LANGUAGE_STANDARD = gnu11;
				GCC_DYNAMIC_NO_PIC = NO;
				GCC_NO_COMMON_BLOCKS = YES;
				GCC_OPTIMIZATION_LEVEL = 0;
				GCC_PREPROCESSOR_DEFINITIONS = (
					"DEBUG=1",
					"$(inherited)",
				);
				GCC_WARN_64_TO_32_BIT_CONVERSION = YES;
				GCC_WARN_ABOUT_RETURN_TYPE = YES_ERROR;
				GCC_WARN_UNDECLARED_SELECTOR = YES;
				GCC_WARN_UNINITIALIZED_AUTOS = YES_AGGRESSIVE;
				GCC_WARN_UNUSED_FUNCTION = YES;
				GCC_WARN_UNUSED_VARIABLE = YES;
				IPHONEOS_DEPLOYMENT_TARGET = 14.5;
				MTL_ENABLE_DEBUG_INFO = INCLUDE_SOURCE;
				MTL_FAST_MATH = YES;
				ONLY_ACTIVE_ARCH = YES;
				SDKROOT = iphoneos;
				SWIFT_ACTIVE_COMPILATION_CONDITIONS = DEBUG;
				SWIFT_OPTIMIZATION_LEVEL = "-Onone";
			};
			name = Debug;
		};
		CFFEEB8626CB8ABF00E7C344 /* Release */ = {
			isa = XCBuildConfiguration;
			buildSettings = {
				ALWAYS_SEARCH_USER_PATHS = NO;
				CLANG_ANALYZER_NONNULL = YES;
				CLANG_ANALYZER_NUMBER_OBJECT_CONVERSION = YES_AGGRESSIVE;
				CLANG_CXX_LANGUAGE_STANDARD = "gnu++14";
				CLANG_CXX_LIBRARY = "libc++";
				CLANG_ENABLE_MODULES = YES;
				CLANG_ENABLE_OBJC_ARC = YES;
				CLANG_ENABLE_OBJC_WEAK = YES;
				CLANG_WARN_BLOCK_CAPTURE_AUTORELEASING = YES;
				CLANG_WARN_BOOL_CONVERSION = YES;
				CLANG_WARN_COMMA = YES;
				CLANG_WARN_CONSTANT_CONVERSION = YES;
				CLANG_WARN_DEPRECATED_OBJC_IMPLEMENTATIONS = YES;
				CLANG_WARN_DIRECT_OBJC_ISA_USAGE = YES_ERROR;
				CLANG_WARN_DOCUMENTATION_COMMENTS = YES;
				CLANG_WARN_EMPTY_BODY = YES;
				CLANG_WARN_ENUM_CONVERSION = YES;
				CLANG_WARN_INFINITE_RECURSION = YES;
				CLANG_WARN_INT_CONVERSION = YES;
				CLANG_WARN_NON_LITERAL_NULL_CONVERSION = YES;
				CLANG_WARN_OBJC_IMPLICIT_RETAIN_SELF = YES;
				CLANG_WARN_OBJC_LITERAL_CONVERSION = YES;
				CLANG_WARN_OBJC_ROOT_CLASS = YES_ERROR;
				CLANG_WARN_QUOTED_INCLUDE_IN_FRAMEWORK_HEADER = YES;
				CLANG_WARN_RANGE_LOOP_ANALYSIS = YES;
				CLANG_WARN_STRICT_PROTOTYPES = YES;
				CLANG_WARN_SUSPICIOUS_MOVE = YES;
				CLANG_WARN_UNGUARDED_AVAILABILITY = YES_AGGRESSIVE;
				CLANG_WARN_UNREACHABLE_CODE = YES;
				CLANG_WARN__DUPLICATE_METHOD_MATCH = YES;
				COPY_PHASE_STRIP = NO;
				DEBUG_INFORMATION_FORMAT = "dwarf-with-dsym";
				ENABLE_NS_ASSERTIONS = NO;
				ENABLE_STRICT_OBJC_MSGSEND = YES;
				GCC_C_LANGUAGE_STANDARD = gnu11;
				GCC_NO_COMMON_BLOCKS = YES;
				GCC_WARN_64_TO_32_BIT_CONVERSION = YES;
				GCC_WARN_ABOUT_RETURN_TYPE = YES_ERROR;
				GCC_WARN_UNDECLARED_SELECTOR = YES;
				GCC_WARN_UNINITIALIZED_AUTOS = YES_AGGRESSIVE;
				GCC_WARN_UNUSED_FUNCTION = YES;
				GCC_WARN_UNUSED_VARIABLE = YES;
				IPHONEOS_DEPLOYMENT_TARGET = 14.5;
				MTL_ENABLE_DEBUG_INFO = NO;
				MTL_FAST_MATH = YES;
				SDKROOT = iphoneos;
				SWIFT_COMPILATION_MODE = wholemodule;
				SWIFT_OPTIMIZATION_LEVEL = "-O";
				VALIDATE_PRODUCT = YES;
			};
			name = Release;
		};
		CFFEEB8826CB8ABF00E7C344 /* Debug */ = {
			isa = XCBuildConfiguration;
			buildSettings = {
				ASSETCATALOG_COMPILER_APPICON_NAME = AppIcon;
				ASSETCATALOG_COMPILER_GLOBAL_ACCENT_COLOR_NAME = AccentColor;
				CODE_SIGN_STYLE = Automatic;
				DEVELOPMENT_TEAM = 8Q2M3J9J6V;
				INFOPLIST_FILE = "app123-ios/Info.plist";
				LD_RUNPATH_SEARCH_PATHS = (
					"$(inherited)",
					"@executable_path/Frameworks",
				);
				PRODUCT_BUNDLE_IDENTIFIER = "com.OlgaChumakova.app123-ios";
				PRODUCT_NAME = "$(TARGET_NAME)";
				SWIFT_VERSION = 5.0;
				TARGETED_DEVICE_FAMILY = "1,2";
			};
			name = Debug;
		};
		CFFEEB8926CB8ABF00E7C344 /* Release */ = {
			isa = XCBuildConfiguration;
			buildSettings = {
				ASSETCATALOG_COMPILER_APPICON_NAME = AppIcon;
				ASSETCATALOG_COMPILER_GLOBAL_ACCENT_COLOR_NAME = AccentColor;
				CODE_SIGN_STYLE = Automatic;
				DEVELOPMENT_TEAM = 8Q2M3J9J6V;
				INFOPLIST_FILE = "app123-ios/Info.plist";
				LD_RUNPATH_SEARCH_PATHS = (
					"$(inherited)",
					"@executable_path/Frameworks",
				);
				PRODUCT_BUNDLE_IDENTIFIER = "com.OlgaChumakova.app123-ios";
				PRODUCT_NAME = "$(TARGET_NAME)";
				SWIFT_VERSION = 5.0;
				TARGETED_DEVICE_FAMILY = "1,2";
			};
			name = Release;
		};
/* End XCBuildConfiguration section */

/* Begin XCConfigurationList section */
		CFFEEB6E26CB8AB500E7C344 /* Build configuration list for PBXProject "app123-ios" */ = {
			isa = XCConfigurationList;
			buildConfigurations = (
				CFFEEB8526CB8ABF00E7C344 /* Debug */,
				CFFEEB8626CB8ABF00E7C344 /* Release */,
			);
			defaultConfigurationIsVisible = 0;
			defaultConfigurationName = Release;
		};
		CFFEEB8726CB8ABF00E7C344 /* Build configuration list for PBXNativeTarget "app123-ios" */ = {
			isa = XCConfigurationList;
			buildConfigurations = (
				CFFEEB8826CB8ABF00E7C344 /* Debug */,
				CFFEEB8926CB8ABF00E7C344 /* Release */,
			);
			defaultConfigurationIsVisible = 0;
			defaultConfigurationName = Release;
		};
/* End XCConfigurationList section */
	};
	rootObject = CFFEEB6B26CB8AB500E7C344 /* Project object */;
}
